// !$*UTF8*$!
{
	archiveVersion = 1;
	classes = {
	};
	objectVersion = 46;
	objects = {

/* Begin PBXBuildFile section */
		20CF4FD81F2FE83700C6D5DA /* AppDelegate.swift in Sources */ = {isa = PBXBuildFile; fileRef = 20CF4FD71F2FE83700C6D5DA /* AppDelegate.swift */; };
		20CF4FDA1F2FE83700C6D5DA /* GameScene.sks in Resources */ = {isa = PBXBuildFile; fileRef = 20CF4FD91F2FE83700C6D5DA /* GameScene.sks */; };
		20CF4FDC1F2FE83700C6D5DA /* Actions.sks in Resources */ = {isa = PBXBuildFile; fileRef = 20CF4FDB1F2FE83700C6D5DA /* Actions.sks */; };
		20CF4FDE1F2FE83700C6D5DA /* GameScene.swift in Sources */ = {isa = PBXBuildFile; fileRef = 20CF4FDD1F2FE83700C6D5DA /* GameScene.swift */; };
		20CF4FE01F2FE83700C6D5DA /* GameViewController.swift in Sources */ = {isa = PBXBuildFile; fileRef = 20CF4FDF1F2FE83700C6D5DA /* GameViewController.swift */; };
		20CF4FE31F2FE83700C6D5DA /* Main.storyboard in Resources */ = {isa = PBXBuildFile; fileRef = 20CF4FE11F2FE83700C6D5DA /* Main.storyboard */; };
		20CF4FE51F2FE83700C6D5DA /* Assets.xcassets in Resources */ = {isa = PBXBuildFile; fileRef = 20CF4FE41F2FE83700C6D5DA /* Assets.xcassets */; };
		20CF4FE81F2FE83700C6D5DA /* LaunchScreen.storyboard in Resources */ = {isa = PBXBuildFile; fileRef = 20CF4FE61F2FE83700C6D5DA /* LaunchScreen.storyboard */; };
		20CF4FF31F2FE83800C6D5DA /* Laser_Space_Man_3000Tests.swift in Sources */ = {isa = PBXBuildFile; fileRef = 20CF4FF21F2FE83800C6D5DA /* Laser_Space_Man_3000Tests.swift */; };
		20CF4FFE1F2FE83800C6D5DA /* Laser_Space_Man_3000UITests.swift in Sources */ = {isa = PBXBuildFile; fileRef = 20CF4FFD1F2FE83800C6D5DA /* Laser_Space_Man_3000UITests.swift */; };
		20E125861F31437100D17028 /* GameOverScene.swift in Sources */ = {isa = PBXBuildFile; fileRef = 20E125851F31437100D17028 /* GameOverScene.swift */; };
		20E125881F31438A00D17028 /* MainMenuScene.swift in Sources */ = {isa = PBXBuildFile; fileRef = 20E125871F31438A00D17028 /* MainMenuScene.swift */; };
/* End PBXBuildFile section */

/* Begin PBXContainerItemProxy section */
		20CF4FEF1F2FE83800C6D5DA /* PBXContainerItemProxy */ = {
			isa = PBXContainerItemProxy;
			containerPortal = 20CF4FCC1F2FE83700C6D5DA /* Project object */;
			proxyType = 1;
			remoteGlobalIDString = 20CF4FD31F2FE83700C6D5DA;
			remoteInfo = "Laser Space Man 3000";
		};
		20CF4FFA1F2FE83800C6D5DA /* PBXContainerItemProxy */ = {
			isa = PBXContainerItemProxy;
			containerPortal = 20CF4FCC1F2FE83700C6D5DA /* Project object */;
			proxyType = 1;
			remoteGlobalIDString = 20CF4FD31F2FE83700C6D5DA;
			remoteInfo = "Laser Space Man 3000";
		};
/* End PBXContainerItemProxy section */

/* Begin PBXFileReference section */
		20CF4FD41F2FE83700C6D5DA /* Laser Space Man 3000.app */ = {isa = PBXFileReference; explicitFileType = wrapper.application; includeInIndex = 0; path = "Laser Space Man 3000.app"; sourceTree = BUILT_PRODUCTS_DIR; };
		20CF4FD71F2FE83700C6D5DA /* AppDelegate.swift */ = {isa = PBXFileReference; lastKnownFileType = sourcecode.swift; path = AppDelegate.swift; sourceTree = "<group>"; };
		20CF4FD91F2FE83700C6D5DA /* GameScene.sks */ = {isa = PBXFileReference; lastKnownFileType = file.sks; path = GameScene.sks; sourceTree = "<group>"; };
		20CF4FDB1F2FE83700C6D5DA /* Actions.sks */ = {isa = PBXFileReference; lastKnownFileType = file.sks; path = Actions.sks; sourceTree = "<group>"; };
		20CF4FDD1F2FE83700C6D5DA /* GameScene.swift */ = {isa = PBXFileReference; lastKnownFileType = sourcecode.swift; path = GameScene.swift; sourceTree = "<group>"; };
		20CF4FDF1F2FE83700C6D5DA /* GameViewController.swift */ = {isa = PBXFileReference; lastKnownFileType = sourcecode.swift; path = GameViewController.swift; sourceTree = "<group>"; };
		20CF4FE21F2FE83700C6D5DA /* Base */ = {isa = PBXFileReference; lastKnownFileType = file.storyboard; name = Base; path = Base.lproj/Main.storyboard; sourceTree = "<group>"; };
		20CF4FE41F2FE83700C6D5DA /* Assets.xcassets */ = {isa = PBXFileReference; lastKnownFileType = folder.assetcatalog; path = Assets.xcassets; sourceTree = "<group>"; };
		20CF4FE71F2FE83700C6D5DA /* Base */ = {isa = PBXFileReference; lastKnownFileType = file.storyboard; name = Base; path = Base.lproj/LaunchScreen.storyboard; sourceTree = "<group>"; };
		20CF4FE91F2FE83700C6D5DA /* Info.plist */ = {isa = PBXFileReference; lastKnownFileType = text.plist.xml; path = Info.plist; sourceTree = "<group>"; };
		20CF4FEE1F2FE83800C6D5DA /* Laser Space Man 3000Tests.xctest */ = {isa = PBXFileReference; explicitFileType = wrapper.cfbundle; includeInIndex = 0; path = "Laser Space Man 3000Tests.xctest"; sourceTree = BUILT_PRODUCTS_DIR; };
		20CF4FF21F2FE83800C6D5DA /* Laser_Space_Man_3000Tests.swift */ = {isa = PBXFileReference; lastKnownFileType = sourcecode.swift; path = Laser_Space_Man_3000Tests.swift; sourceTree = "<group>"; };
		20CF4FF41F2FE83800C6D5DA /* Info.plist */ = {isa = PBXFileReference; lastKnownFileType = text.plist.xml; path = Info.plist; sourceTree = "<group>"; };
		20CF4FF91F2FE83800C6D5DA /* Laser Space Man 3000UITests.xctest */ = {isa = PBXFileReference; explicitFileType = wrapper.cfbundle; includeInIndex = 0; path = "Laser Space Man 3000UITests.xctest"; sourceTree = BUILT_PRODUCTS_DIR; };
		20CF4FFD1F2FE83800C6D5DA /* Laser_Space_Man_3000UITests.swift */ = {isa = PBXFileReference; lastKnownFileType = sourcecode.swift; path = Laser_Space_Man_3000UITests.swift; sourceTree = "<group>"; };
		20CF4FFF1F2FE83800C6D5DA /* Info.plist */ = {isa = PBXFileReference; lastKnownFileType = text.plist.xml; path = Info.plist; sourceTree = "<group>"; };
		20E125851F31437100D17028 /* GameOverScene.swift */ = {isa = PBXFileReference; fileEncoding = 4; lastKnownFileType = sourcecode.swift; path = GameOverScene.swift; sourceTree = "<group>"; };
		20E125871F31438A00D17028 /* MainMenuScene.swift */ = {isa = PBXFileReference; fileEncoding = 4; lastKnownFileType = sourcecode.swift; path = MainMenuScene.swift; sourceTree = "<group>"; };
/* End PBXFileReference section */

/* Begin PBXFrameworksBuildPhase section */
		20CF4FD11F2FE83700C6D5DA /* Frameworks */ = {
			isa = PBXFrameworksBuildPhase;
			buildActionMask = 2147483647;
			files = (
			);
			runOnlyForDeploymentPostprocessing = 0;
		};
		20CF4FEB1F2FE83800C6D5DA /* Frameworks */ = {
			isa = PBXFrameworksBuildPhase;
			buildActionMask = 2147483647;
			files = (
			);
			runOnlyForDeploymentPostprocessing = 0;
		};
		20CF4FF61F2FE83800C6D5DA /* Frameworks */ = {
			isa = PBXFrameworksBuildPhase;
			buildActionMask = 2147483647;
			files = (
			);
			runOnlyForDeploymentPostprocessing = 0;
		};
/* End PBXFrameworksBuildPhase section */

/* Begin PBXGroup section */
		20CF4FCB1F2FE83700C6D5DA = {
			isa = PBXGroup;
			children = (
				20CF4FD61F2FE83700C6D5DA /* Laser Space Man 3000 */,
				20CF4FF11F2FE83800C6D5DA /* Laser Space Man 3000Tests */,
				20CF4FFC1F2FE83800C6D5DA /* Laser Space Man 3000UITests */,
				20CF4FD51F2FE83700C6D5DA /* Products */,
			);
			sourceTree = "<group>";
		};
		20CF4FD51F2FE83700C6D5DA /* Products */ = {
			isa = PBXGroup;
			children = (
				20CF4FD41F2FE83700C6D5DA /* Laser Space Man 3000.app */,
				20CF4FEE1F2FE83800C6D5DA /* Laser Space Man 3000Tests.xctest */,
				20CF4FF91F2FE83800C6D5DA /* Laser Space Man 3000UITests.xctest */,
			);
			name = Products;
			sourceTree = "<group>";
		};
		20CF4FD61F2FE83700C6D5DA /* Laser Space Man 3000 */ = {
			isa = PBXGroup;
			children = (
				20CF4FD71F2FE83700C6D5DA /* AppDelegate.swift */,
				20CF4FD91F2FE83700C6D5DA /* GameScene.sks */,
				20CF4FDB1F2FE83700C6D5DA /* Actions.sks */,
				20CF4FDD1F2FE83700C6D5DA /* GameScene.swift */,
				20CF4FDF1F2FE83700C6D5DA /* GameViewController.swift */,
				20CF4FE11F2FE83700C6D5DA /* Main.storyboard */,
				20CF4FE41F2FE83700C6D5DA /* Assets.xcassets */,
				20E125851F31437100D17028 /* GameOverScene.swift */,
				20CF4FE61F2FE83700C6D5DA /* LaunchScreen.storyboard */,
				20E125871F31438A00D17028 /* MainMenuScene.swift */,
				20CF4FE91F2FE83700C6D5DA /* Info.plist */,
			);
			path = "Laser Space Man 3000";
			sourceTree = "<group>";
		};
		20CF4FF11F2FE83800C6D5DA /* Laser Space Man 3000Tests */ = {
			isa = PBXGroup;
			children = (
				20CF4FF21F2FE83800C6D5DA /* Laser_Space_Man_3000Tests.swift */,
				20CF4FF41F2FE83800C6D5DA /* Info.plist */,
			);
			path = "Laser Space Man 3000Tests";
			sourceTree = "<group>";
		};
		20CF4FFC1F2FE83800C6D5DA /* Laser Space Man 3000UITests */ = {
			isa = PBXGroup;
			children = (
				20CF4FFD1F2FE83800C6D5DA /* Laser_Space_Man_3000UITests.swift */,
				20CF4FFF1F2FE83800C6D5DA /* Info.plist */,
			);
			path = "Laser Space Man 3000UITests";
			sourceTree = "<group>";
		};
/* End PBXGroup section */

/* Begin PBXNativeTarget section */
		20CF4FD31F2FE83700C6D5DA /* Laser Space Man 3000 */ = {
			isa = PBXNativeTarget;
			buildConfigurationList = 20CF50021F2FE83800C6D5DA /* Build configuration list for PBXNativeTarget "Laser Space Man 3000" */;
			buildPhases = (
				20CF4FD01F2FE83700C6D5DA /* Sources */,
				20CF4FD11F2FE83700C6D5DA /* Frameworks */,
				20CF4FD21F2FE83700C6D5DA /* Resources */,
			);
			buildRules = (
			);
			dependencies = (
			);
			name = "Laser Space Man 3000";
			productName = "Laser Space Man 3000";
			productReference = 20CF4FD41F2FE83700C6D5DA /* Laser Space Man 3000.app */;
			productType = "com.apple.product-type.application";
		};
		20CF4FED1F2FE83800C6D5DA /* Laser Space Man 3000Tests */ = {
			isa = PBXNativeTarget;
			buildConfigurationList = 20CF50051F2FE83800C6D5DA /* Build configuration list for PBXNativeTarget "Laser Space Man 3000Tests" */;
			buildPhases = (
				20CF4FEA1F2FE83800C6D5DA /* Sources */,
				20CF4FEB1F2FE83800C6D5DA /* Frameworks */,
				20CF4FEC1F2FE83800C6D5DA /* Resources */,
			);
			buildRules = (
			);
			dependencies = (
				20CF4FF01F2FE83800C6D5DA /* PBXTargetDependency */,
			);
			name = "Laser Space Man 3000Tests";
			productName = "Laser Space Man 3000Tests";
			productReference = 20CF4FEE1F2FE83800C6D5DA /* Laser Space Man 3000Tests.xctest */;
			productType = "com.apple.product-type.bundle.unit-test";
		};
		20CF4FF81F2FE83800C6D5DA /* Laser Space Man 3000UITests */ = {
			isa = PBXNativeTarget;
			buildConfigurationList = 20CF50081F2FE83800C6D5DA /* Build configuration list for PBXNativeTarget "Laser Space Man 3000UITests" */;
			buildPhases = (
				20CF4FF51F2FE83800C6D5DA /* Sources */,
				20CF4FF61F2FE83800C6D5DA /* Frameworks */,
				20CF4FF71F2FE83800C6D5DA /* Resources */,
			);
			buildRules = (
			);
			dependencies = (
				20CF4FFB1F2FE83800C6D5DA /* PBXTargetDependency */,
			);
			name = "Laser Space Man 3000UITests";
			productName = "Laser Space Man 3000UITests";
			productReference = 20CF4FF91F2FE83800C6D5DA /* Laser Space Man 3000UITests.xctest */;
			productType = "com.apple.product-type.bundle.ui-testing";
		};
/* End PBXNativeTarget section */

/* Begin PBXProject section */
		20CF4FCC1F2FE83700C6D5DA /* Project object */ = {
			isa = PBXProject;
			attributes = {
				LastSwiftUpdateCheck = 0830;
				LastUpgradeCheck = 0830;
				ORGANIZATIONNAME = "Josh Zignego";
				TargetAttributes = {
					20CF4FD31F2FE83700C6D5DA = {
						CreatedOnToolsVersion = 8.3.3;
						ProvisioningStyle = Automatic;
					};
					20CF4FED1F2FE83800C6D5DA = {
						CreatedOnToolsVersion = 8.3.3;
						ProvisioningStyle = Automatic;
						TestTargetID = 20CF4FD31F2FE83700C6D5DA;
					};
					20CF4FF81F2FE83800C6D5DA = {
						CreatedOnToolsVersion = 8.3.3;
						ProvisioningStyle = Automatic;
						TestTargetID = 20CF4FD31F2FE83700C6D5DA;
					};
				};
			};
			buildConfigurationList = 20CF4FCF1F2FE83700C6D5DA /* Build configuration list for PBXProject "Laser Space Man 3000" */;
			compatibilityVersion = "Xcode 3.2";
			developmentRegion = English;
			hasScannedForEncodings = 0;
			knownRegions = (
				en,
				Base,
			);
			mainGroup = 20CF4FCB1F2FE83700C6D5DA;
			productRefGroup = 20CF4FD51F2FE83700C6D5DA /* Products */;
			projectDirPath = "";
			projectRoot = "";
			targets = (
				20CF4FD31F2FE83700C6D5DA /* Laser Space Man 3000 */,
				20CF4FED1F2FE83800C6D5DA /* Laser Space Man 3000Tests */,
				20CF4FF81F2FE83800C6D5DA /* Laser Space Man 3000UITests */,
			);
		};
/* End PBXProject section */

/* Begin PBXResourcesBuildPhase section */
		20CF4FD21F2FE83700C6D5DA /* Resources */ = {
			isa = PBXResourcesBuildPhase;
			buildActionMask = 2147483647;
			files = (
				20CF4FE31F2FE83700C6D5DA /* Main.storyboard in Resources */,
				20CF4FDA1F2FE83700C6D5DA /* GameScene.sks in Resources */,
				20CF4FE51F2FE83700C6D5DA /* Assets.xcassets in Resources */,
				20CF4FE81F2FE83700C6D5DA /* LaunchScreen.storyboard in Resources */,
				20CF4FDC1F2FE83700C6D5DA /* Actions.sks in Resources */,
			);
			runOnlyForDeploymentPostprocessing = 0;
		};
		20CF4FEC1F2FE83800C6D5DA /* Resources */ = {
			isa = PBXResourcesBuildPhase;
			buildActionMask = 2147483647;
			files = (
			);
			runOnlyForDeploymentPostprocessing = 0;
		};
		20CF4FF71F2FE83800C6D5DA /* Resources */ = {
			isa = PBXResourcesBuildPhase;
			buildActionMask = 2147483647;
			files = (
			);
			runOnlyForDeploymentPostprocessing = 0;
		};
/* End PBXResourcesBuildPhase section */

/* Begin PBXSourcesBuildPhase section */
		20CF4FD01F2FE83700C6D5DA /* Sources */ = {
			isa = PBXSourcesBuildPhase;
			buildActionMask = 2147483647;
			files = (
				20E125881F31438A00D17028 /* MainMenuScene.swift in Sources */,
				20CF4FDE1F2FE83700C6D5DA /* GameScene.swift in Sources */,
				20CF4FE01F2FE83700C6D5DA /* GameViewController.swift in Sources */,
				20E125861F31437100D17028 /* GameOverScene.swift in Sources */,
				20CF4FD81F2FE83700C6D5DA /* AppDelegate.swift in Sources */,
			);
			runOnlyForDeploymentPostprocessing = 0;
		};
		20CF4FEA1F2FE83800C6D5DA /* Sources */ = {
			isa = PBXSourcesBuildPhase;
			buildActionMask = 2147483647;
			files = (
				20CF4FF31F2FE83800C6D5DA /* Laser_Space_Man_3000Tests.swift in Sources */,
			);
			runOnlyForDeploymentPostprocessing = 0;
		};
		20CF4FF51F2FE83800C6D5DA /* Sources */ = {
			isa = PBXSourcesBuildPhase;
			buildActionMask = 2147483647;
			files = (
				20CF4FFE1F2FE83800C6D5DA /* Laser_Space_Man_3000UITests.swift in Sources */,
			);
			runOnlyForDeploymentPostprocessing = 0;
		};
/* End PBXSourcesBuildPhase section */

/* Begin PBXTargetDependency section */
		20CF4FF01F2FE83800C6D5DA /* PBXTargetDependency */ = {
			isa = PBXTargetDependency;
			target = 20CF4FD31F2FE83700C6D5DA /* Laser Space Man 3000 */;
			targetProxy = 20CF4FEF1F2FE83800C6D5DA /* PBXContainerItemProxy */;
		};
		20CF4FFB1F2FE83800C6D5DA /* PBXTargetDependency */ = {
			isa = PBXTargetDependency;
			target = 20CF4FD31F2FE83700C6D5DA /* Laser Space Man 3000 */;
			targetProxy = 20CF4FFA1F2FE83800C6D5DA /* PBXContainerItemProxy */;
		};
/* End PBXTargetDependency section */

/* Begin PBXVariantGroup section */
		20CF4FE11F2FE83700C6D5DA /* Main.storyboard */ = {
			isa = PBXVariantGroup;
			children = (
				20CF4FE21F2FE83700C6D5DA /* Base */,
			);
			name = Main.storyboard;
			sourceTree = "<group>";
		};
		20CF4FE61F2FE83700C6D5DA /* LaunchScreen.storyboard */ = {
			isa = PBXVariantGroup;
			children = (
				20CF4FE71F2FE83700C6D5DA /* Base */,
			);
			name = LaunchScreen.storyboard;
			sourceTree = "<group>";
		};
/* End PBXVariantGroup section */

/* Begin XCBuildConfiguration section */
		20CF50001F2FE83800C6D5DA /* Debug */ = {
			isa = XCBuildConfiguration;
			buildSettings = {
				ALWAYS_SEARCH_USER_PATHS = NO;
				CLANG_ANALYZER_NONNULL = YES;
				CLANG_ANALYZER_NUMBER_OBJECT_CONVERSION = YES_AGGRESSIVE;
				CLANG_CXX_LANGUAGE_STANDARD = "gnu++0x";
				CLANG_CXX_LIBRARY = "libc++";
				CLANG_ENABLE_MODULES = YES;
				CLANG_ENABLE_OBJC_ARC = YES;
				CLANG_WARN_BOOL_CONVERSION = YES;
				CLANG_WARN_CONSTANT_CONVERSION = YES;
				CLANG_WARN_DIRECT_OBJC_ISA_USAGE = YES_ERROR;
				CLANG_WARN_DOCUMENTATION_COMMENTS = YES;
				CLANG_WARN_EMPTY_BODY = YES;
				CLANG_WARN_ENUM_CONVERSION = YES;
				CLANG_WARN_INFINITE_RECURSION = YES;
				CLANG_WARN_INT_CONVERSION = YES;
				CLANG_WARN_OBJC_ROOT_CLASS = YES_ERROR;
				CLANG_WARN_SUSPICIOUS_MOVE = YES;
				CLANG_WARN_UNREACHABLE_CODE = YES;
				CLANG_WARN__DUPLICATE_METHOD_MATCH = YES;
				"CODE_SIGN_IDENTITY[sdk=iphoneos*]" = "iPhone Developer";
				COPY_PHASE_STRIP = NO;
				DEBUG_INFORMATION_FORMAT = dwarf;
				ENABLE_STRICT_OBJC_MSGSEND = YES;
				ENABLE_TESTABILITY = YES;
				GCC_C_LANGUAGE_STANDARD = gnu99;
				GCC_DYNAMIC_NO_PIC = NO;
				GCC_NO_COMMON_BLOCKS = YES;
				GCC_OPTIMIZATION_LEVEL = 0;
				GCC_PREPROCESSOR_DEFINITIONS = (
					"DEBUG=1",
					"$(inherited)",
				);
				GCC_WARN_64_TO_32_BIT_CONVERSION = YES;
				GCC_WARN_ABOUT_RETURN_TYPE = YES_ERROR;
				GCC_WARN_UNDECLARED_SELECTOR = YES;
				GCC_WARN_UNINITIALIZED_AUTOS = YES_AGGRESSIVE;
				GCC_WARN_UNUSED_FUNCTION = YES;
				GCC_WARN_UNUSED_VARIABLE = YES;
				IPHONEOS_DEPLOYMENT_TARGET = 10.3;
				MTL_ENABLE_DEBUG_INFO = YES;
				ONLY_ACTIVE_ARCH = YES;
				SDKROOT = iphoneos;
				SWIFT_ACTIVE_COMPILATION_CONDITIONS = DEBUG;
				SWIFT_OPTIMIZATION_LEVEL = "-Onone";
				TARGETED_DEVICE_FAMILY = "1,2";
			};
			name = Debug;
		};
		20CF50011F2FE83800C6D5DA /* Release */ = {
			isa = XCBuildConfiguration;
			buildSettings = {
				ALWAYS_SEARCH_USER_PATHS = NO;
				CLANG_ANALYZER_NONNULL = YES;
				CLANG_ANALYZER_NUMBER_OBJECT_CONVERSION = YES_AGGRESSIVE;
				CLANG_CXX_LANGUAGE_STANDARD = "gnu++0x";
				CLANG_CXX_LIBRARY = "libc++";
				CLANG_ENABLE_MODULES = YES;
				CLANG_ENABLE_OBJC_ARC = YES;
				CLANG_WARN_BOOL_CONVERSION = YES;
				CLANG_WARN_CONSTANT_CONVERSION = YES;
				CLANG_WARN_DIRECT_OBJC_ISA_USAGE = YES_ERROR;
				CLANG_WARN_DOCUMENTATION_COMMENTS = YES;
				CLANG_WARN_EMPTY_BODY = YES;
				CLANG_WARN_ENUM_CONVERSION = YES;
				CLANG_WARN_INFINITE_RECURSION = YES;
				CLANG_WARN_INT_CONVERSION = YES;
				CLANG_WARN_OBJC_ROOT_CLASS = YES_ERROR;
				CLANG_WARN_SUSPICIOUS_MOVE = YES;
				CLANG_WARN_UNREACHABLE_CODE = YES;
				CLANG_WARN__DUPLICATE_METHOD_MATCH = YES;
				"CODE_SIGN_IDENTITY[sdk=iphoneos*]" = "iPhone Developer";
				COPY_PHASE_STRIP = NO;
				DEBUG_INFORMATION_FORMAT = "dwarf-with-dsym";
				ENABLE_NS_ASSERTIONS = NO;
				ENABLE_STRICT_OBJC_MSGSEND = YES;
				GCC_C_LANGUAGE_STANDARD = gnu99;
				GCC_NO_COMMON_BLOCKS = YES;
				GCC_WARN_64_TO_32_BIT_CONVERSION = YES;
				GCC_WARN_ABOUT_RETURN_TYPE = YES_ERROR;
				GCC_WARN_UNDECLARED_SELECTOR = YES;
				GCC_WARN_UNINITIALIZED_AUTOS = YES_AGGRESSIVE;
				GCC_WARN_UNUSED_FUNCTION = YES;
				GCC_WARN_UNUSED_VARIABLE = YES;
				IPHONEOS_DEPLOYMENT_TARGET = 10.3;
				MTL_ENABLE_DEBUG_INFO = NO;
				SDKROOT = iphoneos;
				SWIFT_OPTIMIZATION_LEVEL = "-Owholemodule";
				TARGETED_DEVICE_FAMILY = "1,2";
				VALIDATE_PRODUCT = YES;
			};
			name = Release;
		};
		20CF50031F2FE83800C6D5DA /* Debug */ = {
			isa = XCBuildConfiguration;
			buildSettings = {
				ASSETCATALOG_COMPILER_APPICON_NAME = AppIcon;
				INFOPLIST_FILE = "Laser Space Man 3000/Info.plist";
				LD_RUNPATH_SEARCH_PATHS = "$(inherited) @executable_path/Frameworks";
				PRODUCT_BUNDLE_IDENTIFIER = "Josh-Zignego.Laser-Space-Man-3000";
				PRODUCT_NAME = "$(TARGET_NAME)";
				SWIFT_VERSION = 3.0;
			};
			name = Debug;
		};
		20CF50041F2FE83800C6D5DA /* Release */ = {
			isa = XCBuildConfiguration;
			buildSettings = {
				ASSETCATALOG_COMPILER_APPICON_NAME = AppIcon;
				INFOPLIST_FILE = "Laser Space Man 3000/Info.plist";
				LD_RUNPATH_SEARCH_PATHS = "$(inherited) @executable_path/Frameworks";
				PRODUCT_BUNDLE_IDENTIFIER = "Josh-Zignego.Laser-Space-Man-3000";
				PRODUCT_NAME = "$(TARGET_NAME)";
				SWIFT_VERSION = 3.0;
			};
			name = Release;
		};
		20CF50061F2FE83800C6D5DA /* Debug */ = {
			isa = XCBuildConfiguration;
			buildSettings = {
				ALWAYS_EMBED_SWIFT_STANDARD_LIBRARIES = YES;
				BUNDLE_LOADER = "$(TEST_HOST)";
				INFOPLIST_FILE = "Laser Space Man 3000Tests/Info.plist";
				LD_RUNPATH_SEARCH_PATHS = "$(inherited) @executable_path/Frameworks @loader_path/Frameworks";
				PRODUCT_BUNDLE_IDENTIFIER = "Josh-Zignego.Laser-Space-Man-3000Tests";
				PRODUCT_NAME = "$(TARGET_NAME)";
				SWIFT_VERSION = 3.0;
				TEST_HOST = "$(BUILT_PRODUCTS_DIR)/Laser Space Man 3000.app/Laser Space Man 3000";
			};
			name = Debug;
		};
		20CF50071F2FE83800C6D5DA /* Release */ = {
			isa = XCBuildConfiguration;
			buildSettings = {
				ALWAYS_EMBED_SWIFT_STANDARD_LIBRARIES = YES;
				BUNDLE_LOADER = "$(TEST_HOST)";
				INFOPLIST_FILE = "Laser Space Man 3000Tests/Info.plist";
				LD_RUNPATH_SEARCH_PATHS = "$(inherited) @executable_path/Frameworks @loader_path/Frameworks";
				PRODUCT_BUNDLE_IDENTIFIER = "Josh-Zignego.Laser-Space-Man-3000Tests";
				PRODUCT_NAME = "$(TARGET_NAME)";
				SWIFT_VERSION = 3.0;
				TEST_HOST = "$(BUILT_PRODUCTS_DIR)/Laser Space Man 3000.app/Laser Space Man 3000";
			};
			name = Release;
		};
		20CF50091F2FE83800C6D5DA /* Debug */ = {
			isa = XCBuildConfiguration;
			buildSettings = {
				ALWAYS_EMBED_SWIFT_STANDARD_LIBRARIES = YES;
				INFOPLIST_FILE = "Laser Space Man 3000UITests/Info.plist";
				LD_RUNPATH_SEARCH_PATHS = "$(inherited) @executable_path/Frameworks @loader_path/Frameworks";
				PRODUCT_BUNDLE_IDENTIFIER = "Josh-Zignego.Laser-Space-Man-3000UITests";
				PRODUCT_NAME = "$(TARGET_NAME)";
				SWIFT_VERSION = 3.0;
				TEST_TARGET_NAME = "Laser Space Man 3000";
			};
			name = Debug;
		};
		20CF500A1F2FE83800C6D5DA /* Release */ = {
			isa = XCBuildConfiguration;
			buildSettings = {
				ALWAYS_EMBED_SWIFT_STANDARD_LIBRARIES = YES;
				INFOPLIST_FILE = "Laser Space Man 3000UITests/Info.plist";
				LD_RUNPATH_SEARCH_PATHS = "$(inherited) @executable_path/Frameworks @loader_path/Frameworks";
				PRODUCT_BUNDLE_IDENTIFIER = "Josh-Zignego.Laser-Space-Man-3000UITests";
				PRODUCT_NAME = "$(TARGET_NAME)";
				SWIFT_VERSION = 3.0;
				TEST_TARGET_NAME = "Laser Space Man 3000";
			};
			name = Release;
		};
/* End XCBuildConfiguration section */

/* Begin XCConfigurationList section */
		20CF4FCF1F2FE83700C6D5DA /* Build configuration list for PBXProject "Laser Space Man 3000" */ = {
			isa = XCConfigurationList;
			buildConfigurations = (
				20CF50001F2FE83800C6D5DA /* Debug */,
				20CF50011F2FE83800C6D5DA /* Release */,
			);
			defaultConfigurationIsVisible = 0;
			defaultConfigurationName = Release;
		};
		20CF50021F2FE83800C6D5DA /* Build configuration list for PBXNativeTarget "Laser Space Man 3000" */ = {
			isa = XCConfigurationList;
			buildConfigurations = (
				20CF50031F2FE83800C6D5DA /* Debug */,
				20CF50041F2FE83800C6D5DA /* Release */,
			);
			defaultConfigurationIsVisible = 0;
			defaultConfigurationName = Release;
		};
		20CF50051F2FE83800C6D5DA /* Build configuration list for PBXNativeTarget "Laser Space Man 3000Tests" */ = {
			isa = XCConfigurationList;
			buildConfigurations = (
				20CF50061F2FE83800C6D5DA /* Debug */,
				20CF50071F2FE83800C6D5DA /* Release */,
			);
			defaultConfigurationIsVisible = 0;
			defaultConfigurationName = Release;
		};
		20CF50081F2FE83800C6D5DA /* Build configuration list for PBXNativeTarget "Laser Space Man 3000UITests" */ = {
			isa = XCConfigurationList;
			buildConfigurations = (
				20CF50091F2FE83800C6D5DA /* Debug */,
				20CF500A1F2FE83800C6D5DA /* Release */,
			);
			defaultConfigurationIsVisible = 0;
			defaultConfigurationName = Release;
		};
/* End XCConfigurationList section */
	};
	rootObject = 20CF4FCC1F2FE83700C6D5DA /* Project object */;
}
